
Microsoft Visual Studio Solution File, Format Version 12.00
# Visual Studio 15
VisualStudioVersion = 15.0.28307.271
MinimumVisualStudioVersion = 10.0.40219.1
Project("{FAE04EC0-301F-11D3-BF4B-00C04F79EFBC}") = "Library", "Library\Library.csproj", "{54B5DED2-6283-4157-B5C1-11C563A892CC}"
EndProject
Project("{FAE04EC0-301F-11D3-BF4B-00C04F79EFBC}") = "ViewModel", "ViewModel\ViewModel.csproj", "{BEEA5363-2618-4E53-889F-6E69AF774A09}"
EndProject
Project("{FAE04EC0-301F-11D3-BF4B-00C04F79EFBC}") = "Infrastructure", "Infrastructure\Infrastructure.csproj", "{7E8C691C-1181-4054-ABBF-A8B40017D955}"
EndProject
Project("{FAE04EC0-301F-11D3-BF4B-00C04F79EFBC}") = "Data", "Data\Data.csproj", "{090D7601-3195-445E-B650-78CDCC084A3E}"
EndProject
Project("{FAE04EC0-301F-11D3-BF4B-00C04F79EFBC}") = "Data.Entity", "Data.Entity\Data.Entity.csproj", "{B5BAC7F9-C887-4272-85AE-99015CA7BC52}"
EndProject
Project("{FAE04EC0-301F-11D3-BF4B-00C04F79EFBC}") = "Bootstrap", "Bootstrap\Bootstrap.csproj", "{E797BF69-6B67-4CFB-B514-D8908E755694}"
EndProject
Project("{FAE04EC0-301F-11D3-BF4B-00C04F79EFBC}") = "Business", "Business\Business.csproj", "{0B48461D-1A9F-4E6C-BFF2-27D94F488100}"
EndProject
Project("{00D1A9C2-B5F0-4AF3-8072-F6C62B433612}") = "Database", "Database\Database.sqlproj", "{6E407E47-20CC-44C8-B06F-4186A68C9B80}"
EndProject
Global
	GlobalSection(SolutionConfigurationPlatforms) = preSolution
		Debug|Any CPU = Debug|Any CPU
		Release|Any CPU = Release|Any CPU
	EndGlobalSection
	GlobalSection(ProjectConfigurationPlatforms) = postSolution
		{54B5DED2-6283-4157-B5C1-11C563A892CC}.Debug|Any CPU.ActiveCfg = Debug|Any CPU
		{54B5DED2-6283-4157-B5C1-11C563A892CC}.Debug|Any CPU.Build.0 = Debug|Any CPU
		{54B5DED2-6283-4157-B5C1-11C563A892CC}.Release|Any CPU.ActiveCfg = Release|Any CPU
		{54B5DED2-6283-4157-B5C1-11C563A892CC}.Release|Any CPU.Build.0 = Release|Any CPU
		{BEEA5363-2618-4E53-889F-6E69AF774A09}.Debug|Any CPU.ActiveCfg = Debug|Any CPU
		{BEEA5363-2618-4E53-889F-6E69AF774A09}.Debug|Any CPU.Build.0 = Debug|Any CPU
		{BEEA5363-2618-4E53-889F-6E69AF774A09}.Release|Any CPU.ActiveCfg = Release|Any CPU
		{BEEA5363-2618-4E53-889F-6E69AF774A09}.Release|Any CPU.Build.0 = Release|Any CPU
		{7E8C691C-1181-4054-ABBF-A8B40017D955}.Debug|Any CPU.ActiveCfg = Debug|Any CPU
		{7E8C691C-1181-4054-ABBF-A8B40017D955}.Debug|Any CPU.Build.0 = Debug|Any CPU
		{7E8C691C-1181-4054-ABBF-A8B40017D955}.Release|Any CPU.ActiveCfg = Release|Any CPU
		{7E8C691C-1181-4054-ABBF-A8B40017D955}.Release|Any CPU.Build.0 = Release|Any CPU
		{090D7601-3195-445E-B650-78CDCC084A3E}.Debug|Any CPU.ActiveCfg = Debug|Any CPU
		{090D7601-3195-445E-B650-78CDCC084A3E}.Debug|Any CPU.Build.0 = Debug|Any CPU
		{090D7601-3195-445E-B650-78CDCC084A3E}.Release|Any CPU.ActiveCfg = Release|Any CPU
		{090D7601-3195-445E-B650-78CDCC084A3E}.Release|Any CPU.Build.0 = Release|Any CPU
		{B5BAC7F9-C887-4272-85AE-99015CA7BC52}.Debug|Any CPU.ActiveCfg = Debug|Any CPU
		{B5BAC7F9-C887-4272-85AE-99015CA7BC52}.Debug|Any CPU.Build.0 = Debug|Any CPU
		{B5BAC7F9-C887-4272-85AE-99015CA7BC52}.Release|Any CPU.ActiveCfg = Release|Any CPU
		{B5BAC7F9-C887-4272-85AE-99015CA7BC52}.Release|Any CPU.Build.0 = Release|Any CPU
		{E797BF69-6B67-4CFB-B514-D8908E755694}.Debug|Any CPU.ActiveCfg = Debug|Any CPU
		{E797BF69-6B67-4CFB-B514-D8908E755694}.Debug|Any CPU.Build.0 = Debug|Any CPU
		{E797BF69-6B67-4CFB-B514-D8908E755694}.Release|Any CPU.ActiveCfg = Release|Any CPU
		{E797BF69-6B67-4CFB-B514-D8908E755694}.Release|Any CPU.Build.0 = Release|Any CPU
		{0B48461D-1A9F-4E6C-BFF2-27D94F488100}.Debug|Any CPU.ActiveCfg = Debug|Any CPU
		{0B48461D-1A9F-4E6C-BFF2-27D94F488100}.Debug|Any CPU.Build.0 = Debug|Any CPU
		{0B48461D-1A9F-4E6C-BFF2-27D94F488100}.Release|Any CPU.ActiveCfg = Release|Any CPU
		{0B48461D-1A9F-4E6C-BFF2-27D94F488100}.Release|Any CPU.Build.0 = Release|Any CPU
		{6E407E47-20CC-44C8-B06F-4186A68C9B80}.Debug|Any CPU.ActiveCfg = Debug|Any CPU
		{6E407E47-20CC-44C8-B06F-4186A68C9B80}.Debug|Any CPU.Build.0 = Debug|Any CPU
		{6E407E47-20CC-44C8-B06F-4186A68C9B80}.Debug|Any CPU.Deploy.0 = Debug|Any CPU
		{6E407E47-20CC-44C8-B06F-4186A68C9B80}.Release|Any CPU.ActiveCfg = Release|Any CPU
		{6E407E47-20CC-44C8-B06F-4186A68C9B80}.Release|Any CPU.Build.0 = Release|Any CPU
		{6E407E47-20CC-44C8-B06F-4186A68C9B80}.Release|Any CPU.Deploy.0 = Release|Any CPU
	EndGlobalSection
	GlobalSection(SolutionProperties) = preSolution
		HideSolutionNode = FALSE
	EndGlobalSection
	GlobalSection(ExtensibilityGlobals) = postSolution
		SolutionGuid = {BB101D0A-CC48-4793-B9CC-EB5F7BDB43DF}
	EndGlobalSection
EndGlobal
